// !$*UTF8*$!
{
 archiveVersion = 1;
 classes = { };
 objectVersion = 56;
 objects = {
  111111111111111111111111 = { isa = PBXBuildFile; fileRef = 555555555555555555555555; };
  131313131313131313131314 = { isa = PBXBuildFile; fileRef = 121212121212121212121213; };
  333333333333333333333333 = { isa = PBXBuildFile; fileRef = 666666666666666666666666; };
  555555555555555555555555 = { isa = PBXFileReference; explicitFileType = sourcecode.swift; path = FileManager3IOSApp.swift; sourceTree = "<group>"; };
  666666666666666666666666 = { isa = PBXFileReference; lastKnownFileType = text.plist.xml; path = Info.plist; sourceTree = "<group>"; };
  222222222222222222222222 = { isa = PBXFileReference; explicitFileType = wrapper.application; includeInIndex = 0; path = FileManager3IOS.app; sourceTree = BUILT_PRODUCTS_DIR; };
  444444444444444444444444 = { isa = PBXFileReference; explicitFileType = sourcecode.swift; path = FileManager3IOSApp.swift; sourceTree = "<group>"; };
  121212121212121212121213 = { isa = PBXFileReference; explicitFileType = sourcecode.swift; path = OfflineCache.swift; sourceTree = "<group>"; };
  777777777777777777777777 = { isa = PBXGroup; children = ( 555555555555555555555555, 121212121212121212121213, 666666666666666666666666 ); path = FileManager3IOS; sourceTree = "<group>"; };
  888888888888888888888888 = { isa = PBXGroup; children = ( 777777777777777777777777, 999999999999999999999999 ); sourceTree = "<group>"; };
  999999999999999999999999 = { isa = PBXGroup; name = Products; children = ( 222222222222222222222222 ); path = Products; sourceTree = "<group>"; };
  AAAAAAAAAAAAAAAAAAAAAAAA = { isa = PBXNativeTarget; buildConfigurationList = BBBBBBBBBBBBBBBBBBBBBBBB; buildPhases = ( CCCCCCCCCCCCCCCCCCCCCCCC, DDDDDDDDDDDDDDDDDDDDDDDD, EEEEEEEEEEEEEEEEEEEEEEEE ); name = FileManager3IOS; productName = FileManager3IOS; productReference = 222222222222222222222222; productType = "com.apple.product-type.application"; };
  FFFFFFFFFFFFFFFFFFFFFFFF = { isa = PBXProject; attributes = { LastUpgradeCheck = 2660; }; buildConfigurationList = 121212121212121212121212; compatibilityVersion = "Xcode 15.0"; developmentRegion = en; hasScannedForEncodings = 0; mainGroup = 888888888888888888888888; productRefGroup = 999999999999999999999999; projectDirPath = ""; projectRoot = ""; targets = ( AAAAAAAAAAAAAAAAAAAAAAAA ); };
  121212121212121212121212 = { isa = XCConfigurationList; buildConfigurations = ( 131313131313131313131313, 141414141414141414141414 ); defaultConfigurationIsVisible = 0; defaultConfigurationName = Release; };
  131313131313131313131313 = { isa = XCBuildConfiguration; buildSettings = { ALWAYS_SEARCH_USER_PATHS = NO; CLANG_ENABLE_MODULES = YES; IPHONEOS_DEPLOYMENT_TARGET = 17.0; SDKROOT = iphoneos; SWIFT_VERSION = 6.0; TARGETED_DEVICE_FAMILY = "1,2"; }; name = Debug; };
  141414141414141414141414 = { isa = XCBuildConfiguration; buildSettings = { ALWAYS_SEARCH_USER_PATHS = NO; CLANG_ENABLE_MODULES = YES; IPHONEOS_DEPLOYMENT_TARGET = 17.0; SDKROOT = iphoneos; SWIFT_VERSION = 6.0; TARGETED_DEVICE_FAMILY = "1,2"; }; name = Release; };
  BBBBBBBBBBBBBBBBBBBBBBBB = { isa = XCConfigurationList; buildConfigurations = ( 151515151515151515151515, 161616161616161616161616 ); defaultConfigurationIsVisible = 0; defaultConfigurationName = Release; };
  151515151515151515151515 = { isa = XCBuildConfiguration; buildSettings = { PRODUCT_BUNDLE_IDENTIFIER = jp.filemanager.ios; INFOPLIST_FILE = FileManager3IOS/Info.plist; PRODUCT_NAME = "$(TARGET_NAME)"; SWIFT_VERSION = 6.0; IPHONEOS_DEPLOYMENT_TARGET = 17.0; TARGETED_DEVICE_FAMILY = "1,2"; }; name = Debug; };
  161616161616161616161616 = { isa = XCBuildConfiguration; buildSettings = { PRODUCT_BUNDLE_IDENTIFIER = jp.filemanager.ios; INFOPLIST_FILE = FileManager3IOS/Info.plist; PRODUCT_NAME = "$(TARGET_NAME)"; SWIFT_VERSION = 6.0; IPHONEOS_DEPLOYMENT_TARGET = 17.0; TARGETED_DEVICE_FAMILY = "1,2"; }; name = Release; };
  CCCCCCCCCCCCCCCCCCCCCCCC = { isa = PBXSourcesBuildPhase; buildActionMask = 2147483647; files = ( 111111111111111111111111, 131313131313131313131314 ); runOnlyForDeploymentPostprocessing = 0; };
  DDDDDDDDDDDDDDDDDDDDDDDD = { isa = PBXResourcesBuildPhase; buildActionMask = 2147483647; files = ( ); runOnlyForDeploymentPostprocessing = 0; };
  EEEEEEEEEEEEEEEEEEEEEEEE = { isa = PBXFrameworksBuildPhase; buildActionMask = 2147483647; files = ( ); runOnlyForDeploymentPostprocessing = 0; };
 };
 rootObject = FFFFFFFFFFFFFFFFFFFFFFFF;
}
